# THIS IS AN AUTOGENERATED FILE. DO NOT EDIT THIS FILE DIRECTLY.
# yarn lockfile v1


"@openapitools/openapi-generator-cli@^1.0.8-4.2.2":
  version "1.0.8-4.2.2"
  resolved "https://registry.yarnpkg.com/@openapitools/openapi-generator-cli/-/openapi-generator-cli-1.0.8-4.2.2.tgz#60a680a092138ff244318cafca5c6be188ba5880"
  integrity sha512-K14xUl5Cc2Epm5hoclvi1KGANy9SCSWddEZCLk9Ij0v0ujbLtK1bMOkrjCOz0ADxdb0Vfsc6T6EE3G3lmBrOCQ==

sortablejs@^1.10.1:
  version "1.10.1"
  resolved "https://registry.yarnpkg.com/sortablejs/-/sortablejs-1.10.1.tgz#3d52b00f871be00f00f84d99a60d120bf3dfe52c"
  integrity sha512-N6r7GrVmO8RW1rn0cTdvK3JR0BcqecAJ0PmYMCL3ZuqTH3pY+9QyqkmJSkkLyyDvd+AJnwaxTP22Ybr/83V9hQ==
